
Microsoft Visual Studio Solution File, Format Version 12.00
# Visual Studio Version 16
VisualStudioVersion = 16.0.29509.3
MinimumVisualStudioVersion = 10.0.40219.1
Project("{FAE04EC0-301F-11D3-BF4B-00C04F79EFBC}") = "TAS_AprajiataRetails", "TAS_AprajiataRetails\TAS_AprajiataRetails.csproj", "{A9E6CB57-47AB-4EA7-A501-183F9BCC4BD1}"
EndProject
Project("{FAE04EC0-301F-11D3-BF4B-00C04F79EFBC}") = "AprajitaRetailsService", "AprajitaRetailsService\AprajitaRetailsService.csproj", "{264EDBA6-70DC-4C14-80F4-AA87A686C5DE}"
EndProject
Project("{FAE04EC0-301F-11D3-BF4B-00C04F79EFBC}") = "DumpProject", "DumpProject\DumpProject.csproj", "{F4EBAB06-9944-4337-8A6C-48AD432429AA}"
EndProject
Project("{FAE04EC0-301F-11D3-BF4B-00C04F79EFBC}") = "AprajitaRetailsWebAPi", "AprajitaRetailsWebAPi\AprajitaRetailsWebAPi.csproj", "{2524CB73-06FB-4F28-BF30-B532CF6ADE96}"
EndProject
Project("{FAE04EC0-301F-11D3-BF4B-00C04F79EFBC}") = "AprajitaRetails", "AprajitaRetails\AprajitaRetails.csproj", "{CF8D3153-CA9D-4E8E-9F56-C85FAC5E1A82}"
EndProject
Global
	GlobalSection(SolutionConfigurationPlatforms) = preSolution
		Debug|Any CPU = Debug|Any CPU
		Release|Any CPU = Release|Any CPU
	EndGlobalSection
	GlobalSection(ProjectConfigurationPlatforms) = postSolution
		{A9E6CB57-47AB-4EA7-A501-183F9BCC4BD1}.Debug|Any CPU.ActiveCfg = Debug|Any CPU
		{A9E6CB57-47AB-4EA7-A501-183F9BCC4BD1}.Debug|Any CPU.Build.0 = Debug|Any CPU
		{A9E6CB57-47AB-4EA7-A501-183F9BCC4BD1}.Release|Any CPU.ActiveCfg = Release|Any CPU
		{A9E6CB57-47AB-4EA7-A501-183F9BCC4BD1}.Release|Any CPU.Build.0 = Release|Any CPU
		{264EDBA6-70DC-4C14-80F4-AA87A686C5DE}.Debug|Any CPU.ActiveCfg = Debug|Any CPU
		{264EDBA6-70DC-4C14-80F4-AA87A686C5DE}.Debug|Any CPU.Build.0 = Debug|Any CPU
		{264EDBA6-70DC-4C14-80F4-AA87A686C5DE}.Release|Any CPU.ActiveCfg = Release|Any CPU
		{264EDBA6-70DC-4C14-80F4-AA87A686C5DE}.Release|Any CPU.Build.0 = Release|Any CPU
		{F4EBAB06-9944-4337-8A6C-48AD432429AA}.Debug|Any CPU.ActiveCfg = Debug|Any CPU
		{F4EBAB06-9944-4337-8A6C-48AD432429AA}.Debug|Any CPU.Build.0 = Debug|Any CPU
		{F4EBAB06-9944-4337-8A6C-48AD432429AA}.Release|Any CPU.ActiveCfg = Release|Any CPU
		{F4EBAB06-9944-4337-8A6C-48AD432429AA}.Release|Any CPU.Build.0 = Release|Any CPU
		{2524CB73-06FB-4F28-BF30-B532CF6ADE96}.Debug|Any CPU.ActiveCfg = Debug|Any CPU
		{2524CB73-06FB-4F28-BF30-B532CF6ADE96}.Debug|Any CPU.Build.0 = Debug|Any CPU
		{2524CB73-06FB-4F28-BF30-B532CF6ADE96}.Release|Any CPU.ActiveCfg = Release|Any CPU
		{2524CB73-06FB-4F28-BF30-B532CF6ADE96}.Release|Any CPU.Build.0 = Release|Any CPU
		{CF8D3153-CA9D-4E8E-9F56-C85FAC5E1A82}.Debug|Any CPU.ActiveCfg = Debug|Any CPU
		{CF8D3153-CA9D-4E8E-9F56-C85FAC5E1A82}.Debug|Any CPU.Build.0 = Debug|Any CPU
		{CF8D3153-CA9D-4E8E-9F56-C85FAC5E1A82}.Release|Any CPU.ActiveCfg = Release|Any CPU
		{CF8D3153-CA9D-4E8E-9F56-C85FAC5E1A82}.Release|Any CPU.Build.0 = Release|Any CPU
	EndGlobalSection
	GlobalSection(SolutionProperties) = preSolution
		HideSolutionNode = FALSE
	EndGlobalSection
	GlobalSection(ExtensibilityGlobals) = postSolution
		SolutionGuid = {82ABA427-E86A-4540-889E-2197F2939734}
	EndGlobalSection
EndGlobal
